
Microsoft Visual Studio Solution File, Format Version 12.00
# Visual Studio 15
VisualStudioVersion = 15.0.28307.902
MinimumVisualStudioVersion = 10.0.40219.1
Project("{FAE04EC0-301F-11D3-BF4B-00C04F79EFBC}") = "DinerView", "DinerView\DinerView.csproj", "{DDDB89AE-843F-4A17-92A2-D2060548C292}"
EndProject
Global
	GlobalSection(SolutionConfigurationPlatforms) = preSolution
		Debug|Any CPU = Debug|Any CPU
		Release|Any CPU = Release|Any CPU
	EndGlobalSection
	GlobalSection(ProjectConfigurationPlatforms) = postSolution
		{DDDB89AE-843F-4A17-92A2-D2060548C292}.Debug|Any CPU.ActiveCfg = Debug|Any CPU
		{DDDB89AE-843F-4A17-92A2-D2060548C292}.Debug|Any CPU.Build.0 = Debug|Any CPU
		{DDDB89AE-843F-4A17-92A2-D2060548C292}.Release|Any CPU.ActiveCfg = Release|Any CPU
		{DDDB89AE-843F-4A17-92A2-D2060548C292}.Release|Any CPU.Build.0 = Release|Any CPU
	EndGlobalSection
	GlobalSection(SolutionProperties) = preSolution
		HideSolutionNode = FALSE
	EndGlobalSection
	GlobalSection(ExtensibilityGlobals) = postSolution
		SolutionGuid = {F371E875-7A19-4490-A72E-267A1AF7AF2D}
	EndGlobalSection
EndGlobal
