
Microsoft Visual Studio Solution File, Format Version 12.00
# Visual Studio 15
VisualStudioVersion = 15.0.28307.902
MinimumVisualStudioVersion = 10.0.40219.1
Project("{FAE04EC0-301F-11D3-BF4B-00C04F79EFBC}") = "DinerView", "DinewView\DinerView.csproj", "{E34FB286-33F5-4553-8380-E99A6EC3E46E}"
EndProject
Project("{9A19103F-16F7-4668-BE54-9A1E7A4F7556}") = "DinerBusinessLogic", "DinewView\DinerBusinessLogic\DinerBusinessLogic.csproj", "{AD4397F5-7F65-4852-9361-E1830D8B8318}"
EndProject
Project("{9A19103F-16F7-4668-BE54-9A1E7A4F7556}") = "DinerListImplement", "DinewView\DinerListImplement\DinerListImplement.csproj", "{B267945B-57D6-468D-AEC7-75D0B8257578}"
EndProject
Global
	GlobalSection(SolutionConfigurationPlatforms) = preSolution
		Debug|Any CPU = Debug|Any CPU
		Release|Any CPU = Release|Any CPU
	EndGlobalSection
	GlobalSection(ProjectConfigurationPlatforms) = postSolution
		{E34FB286-33F5-4553-8380-E99A6EC3E46E}.Debug|Any CPU.ActiveCfg = Debug|Any CPU
		{E34FB286-33F5-4553-8380-E99A6EC3E46E}.Debug|Any CPU.Build.0 = Debug|Any CPU
		{E34FB286-33F5-4553-8380-E99A6EC3E46E}.Release|Any CPU.ActiveCfg = Release|Any CPU
		{E34FB286-33F5-4553-8380-E99A6EC3E46E}.Release|Any CPU.Build.0 = Release|Any CPU
		{AD4397F5-7F65-4852-9361-E1830D8B8318}.Debug|Any CPU.ActiveCfg = Debug|Any CPU
		{AD4397F5-7F65-4852-9361-E1830D8B8318}.Debug|Any CPU.Build.0 = Debug|Any CPU
		{AD4397F5-7F65-4852-9361-E1830D8B8318}.Release|Any CPU.ActiveCfg = Release|Any CPU
		{AD4397F5-7F65-4852-9361-E1830D8B8318}.Release|Any CPU.Build.0 = Release|Any CPU
		{B267945B-57D6-468D-AEC7-75D0B8257578}.Debug|Any CPU.ActiveCfg = Debug|Any CPU
		{B267945B-57D6-468D-AEC7-75D0B8257578}.Debug|Any CPU.Build.0 = Debug|Any CPU
		{B267945B-57D6-468D-AEC7-75D0B8257578}.Release|Any CPU.ActiveCfg = Release|Any CPU
		{B267945B-57D6-468D-AEC7-75D0B8257578}.Release|Any CPU.Build.0 = Release|Any CPU
	EndGlobalSection
	GlobalSection(SolutionProperties) = preSolution
		HideSolutionNode = FALSE
	EndGlobalSection
	GlobalSection(ExtensibilityGlobals) = postSolution
		SolutionGuid = {0292FD70-82B1-493F-AC42-FBC71A84A9A9}
	EndGlobalSection
EndGlobal
